version = 2
project = "vat"
ir_kind = "td"
td_path = "apps/vat/tech-design"
generated_at = "2026-07-17T09:51:11.375162+00:00"
digest = "sha256:c455a82ecd8736e57e9d86d2591fa2e40eeca06167e33d56e99f80480dcc057f"
source_digest = "sha256:c455a82ecd8736e57e9d86d2591fa2e40eeca06167e33d56e99f80480dcc057f"
ir_digest = "sha256:6de6327cb4878a52d24030a7b78560bab33811c7da5718ad2907f015ce1c07dc"

[[files]]
path = "interfaces/cli/migrate-upgrade-and-report-issue-to-the-shared-cli-std-crate.md"
digest = "sha256:476c1fc5769cb3b8225fc868ba4570421d4b738139f69fc5086c9449e929467d"
ir_digest = "sha256:1aa1f31b6a166f051f94a4c5bdd092fb638aee0c577b6ac51ec504b48339112e"
section_count = 7

[[files]]
path = "interfaces/cli/vat-dx-reconcile-readme-and-offline-docs-with-the-current-cli-su.md"
digest = "sha256:38265478b1c77f5ffa5a7db651af8b8bd2b1671d5f6fbc4e92bb7334dbffdddc"
ir_digest = "sha256:56669917936fe93c0f9615a482395ff7d85396e3490a60100d50f4cfdb3864de"
section_count = 3

[[files]]
path = "interfaces/cli/vat-microvm-phase-2-vat-build-dockerfile-build-via-container-cli.md"
digest = "sha256:f3f2ba60e7467a67e81f78de55556cf7fa5e581810fbe8d9b84a1cc1de40ca6b"
ir_digest = "sha256:3c815b15f78dd3b7c09506bf3cfaf34f0327168a2a6828ab0290879bde1a4624"
section_count = 7

[[files]]
path = "interfaces/cli/vat-upgrade-and-report-issue-subcommands-for-the-mandatory-cli-c.md"
digest = "sha256:4215f8a4e001907cb3e9d90fa5c326c5ecdd678724bd4852094f12c2d92b24b9"
ir_digest = "sha256:e4b7facdd47b60f8f2326646960562bc50c5686453ce15eda74a3379661c19cf"
section_count = 7

[[files]]
path = "interfaces/grpc/cloud-tasks-and-cloud-scheduler-emulator-grpc-front-end-alongsid.md"
digest = "sha256:3f7cd146974b41331107ca1f13f833dd1b32881433983fec7478889b875a437f"
ir_digest = "sha256:32904be2aae4350a05c5a2021677f37541c611f59a6306d1ef28c6121ae0459f"
section_count = 7

[[files]]
path = "interfaces/grpc/pool-the-grpc-mitm-reverse-proxy-h2c-upstream-connections.md"
digest = "sha256:679a505173cfb3795450291380d7b66c9d63c105443b3196b2c1c79b6221ac06"
ir_digest = "sha256:d50baf5ed70d3afc946666983cbd8243191eb103a3a815a5ccce94b458a09796"
section_count = 7

[[files]]
path = "interfaces/grpc/vat-network-sandbox-v2-transparent-grpc-routing-via-h2-mitm-reve.md"
digest = "sha256:03262780fd0fdd85db2510f670890362c3239cb60525f40948fd7da24ab361eb"
ir_digest = "sha256:09fef986e3a35df0f3d8b7697ba116f28d966e61377508b628c41223188d8a5a"
section_count = 7

[[files]]
path = "interfaces/rest/openapi-driven-mock-http-service.md"
digest = "sha256:2927cf4007697183457d25637175f58d050a054756770174ffbec53835953967"
ir_digest = "sha256:267a55065fced5fbf5589655a15fbc86fd631d2d6845084ed8f5b9ad2ff47a01"
section_count = 7

[[files]]
path = "logic/add-versioned-native-lumen-service-preset.md"
digest = "sha256:e06eb68f4b46a2055e4aa6b78fe319135046450a05ef3a3fe1c10d7c2c39b6fa"
ir_digest = "sha256:26cb0d6e665ceac1e9c8302f5bbb34b0c841030527e14a7d4e08054d2c587de4"
section_count = 3

[[files]]
path = "logic/apply-the-sandbox-seatbelt-isolation-egress-to-runner-mode-comma.md"
digest = "sha256:2f77c5d93159713b46fd72994e2b8a8598c80e7d05d9955bbebaf5533d5191cd"
ir_digest = "sha256:2fbbfdf3d5329a584b7deee7f5039fbc773189117cdf3dc8fafeacbe412e0518"
section_count = 7

[[files]]
path = "logic/built-in-cloud-storage-gcs-emulator.md"
digest = "sha256:554afa2f34ad5afffdfc70d48499ba0eeb2d58f62f0d7b410b6779f7fef2fb60"
ir_digest = "sha256:af2bb654df29f8a2437d0069e12c9dada81f19d4a37adbf49340145d40f90988"
section_count = 7

[[files]]
path = "logic/built-in-cloud-tasks-cloud-scheduler-emulators.md"
digest = "sha256:6f3750c375263f5f490547bb62a65c8d04d9a1da9a14a86d8e7abfc532808e03"
ir_digest = "sha256:12c7661cff6a1fb4c21d5af344def5f98c8956f35fe6c22fe42be1d7f8b01242"
section_count = 7

[[files]]
path = "logic/built-in-cloud-workflows-emulator.md"
digest = "sha256:00304dd867309a9c6f323781783865014f97d64f6b757befed510ddddb1fa204"
ir_digest = "sha256:a381906de22b6523533da2d92b1767cea7705578569cf4e627b98f18d4b2aebb"
section_count = 7

[[files]]
path = "logic/built-in-http-mock-record-replay-proxy.md"
digest = "sha256:68e1576da6944fa525a50b4072f2f198d54577d248f72737454543b7f847d7b2"
ir_digest = "sha256:ddc04a266622e42a95d2abb5e41644767f5246c05289202f6b97461d56446ea2"
section_count = 7

[[files]]
path = "logic/built-in-rust-emulators-pub-sub-firebase-auth.md"
digest = "sha256:6321d0709bcdb5758fc529a2e59f099f454a5d8e80d69a6fcade06ab7ef52ff1"
ir_digest = "sha256:64b85400e4a0bbd4afb194f195c4516b4950120ce4681968ab805ad17b93b839"
section_count = 7

[[files]]
path = "logic/expose-captured-service-log-paths-to-collector-scenarios.md"
digest = "sha256:2f74ac4364f49b959148436e522a3df3a2bf09f1b5bb3e1d46e5c9b0f8c3b7f9"
ir_digest = "sha256:7f792fa4acce7955f4f8583c860a6935b367e3b9e1bb3d227cae28ae3b48476f"
section_count = 3

[[files]]
path = "logic/external-contracts.md"
digest = "sha256:56cf86aea50c8d24a55dc038fbe7812ad08c5e259608f1ee72d655767e33b36e"
ir_digest = "sha256:138e6f615b7c5b16fb0e653c3f2c145918bcdd54127c2493902e85ba1d406271"
section_count = 4

[[files]]
path = "logic/gcp-firebase-emulator-service-presets.md"
digest = "sha256:cfd273dd160bab419fba362a28163a4e3786d2bfada6d6dbc8b46c4fbb7a3e3f"
ir_digest = "sha256:38c63eb56daa477ae6c6a97a27d9355ec7d9b65e260fbee2b65d8fad4a28f281"
section_count = 6

[[files]]
path = "logic/kind-like-local-kubernetes-clusters.md"
digest = "sha256:1dc8068ffe3695bcf873a8c3979c9841306ab44ac65a6cbc36e96482bdd55468"
ir_digest = "sha256:100955fc6e50f7fbe793b3037580a39ebb0ead314ebc509bac43055ac4ed24c1"
section_count = 7

[[files]]
path = "logic/llm-agent-usage-guide.md"
digest = "sha256:268f6f8fffc30a0d4eb52e5e6afeb5994cb262d5ac7f01e48b13c51babc57bd7"
ir_digest = "sha256:9687f1733c03c39e31bd65a51d8732cf4769f326271ed39cba2ef746d05c48b0"
section_count = 4

[[files]]
path = "logic/local-agent-test-runner-protocol.md"
digest = "sha256:77746fb49553b8451876115b356457054974e5976a72276e654709fd63bf6cbb"
parse_error = "schema:320-391: section 'schema' at lines 320..391: JSON Schema typed-payload parse error: mapping values are not allowed in this context at line 37 column 167"

[[files]]
path = "logic/production-like-integration-scenarios.md"
digest = "sha256:71926e5d9d9665b6e948d7140f9e90754f4ebeb0d5ea41d301880275fcf2dfaf"
ir_digest = "sha256:4cacf1beac44466f5f0800654e9568585d4df022945c0aff3790114a6aba7df0"
section_count = 6

[[files]]
path = "logic/vat-dx-split-llm-onboarding-into-task-scoped-topics.md"
digest = "sha256:74195fe3ad526e7e011b04b7fa7bbf04b4256d8b5bd5f54acced582252bb3b7d"
ir_digest = "sha256:c9acbce5d1903696da061dbd0a8fc39918745115cb1c6ca5631dd89ad3122697"
section_count = 3

[[files]]
path = "logic/vat-headless-docker-command-shim.md"
digest = "sha256:325c3aaeb0775b2c6993145c25e50628728d8b4e31f09c5367c775c8838a713e"
ir_digest = "sha256:7452fd489ad42b11bf0cff4125edfb53c877b2278c7b6e49d11e5784c8d45eeb"
section_count = 5

[[files]]
path = "logic/vat-headless-ephemeral-local-k8s.md"
digest = "sha256:f7adc488dd4b80dc4e81bb0e2c08b3b770145122bb5cb63806f6dc7e1e98f202"
ir_digest = "sha256:cd924ad69cf9b40df6fcaeb3a8f9fa2f576112cc5948442952660c85e3fd5fd2"
section_count = 5

[[files]]
path = "logic/vat-llm-guide-cloud-tasks-cloud-scheduler-emulator-usage.md"
digest = "sha256:be652b6a9c51e68098aecac854fe2c457ea9e32204e651b098be4c889c11460d"
ir_digest = "sha256:f0b8df1b3e8d196008871322b5821cd589e0bdcfd8884a825dccf54dd5ee53fb"
section_count = 7

[[files]]
path = "logic/vat-local-k8s-phase-0-prove-k3s-on-apple-container-machine.md"
digest = "sha256:40f7e0c4a7b42348d6c56f790263d7ad71cbb0d8711b1ed35346d3eed9f72d0b"
ir_digest = "sha256:82f44e715e0e2281b87601d2f919fd74440734ce4f260bda40bae45245a85454"
section_count = 3

[[files]]
path = "logic/vat-microvm-fail-closed-when-published-host-ports-are-unusable.md"
digest = "sha256:5e386e189457f91bd3ed52c13ba9bd26e8e2a4660f59aea308befd0fd822dc3c"
parse_error = "overview:1-12: frontmatter YAML parse error: mapping values are not allowed in this context at line 2 column 192"

[[files]]
path = "logic/vat-microvm-phase-1-isolation-microvm-sandbox-backend-for-vat-ru.md"
digest = "sha256:f1b752dce502b2a5d790f49e568df68e2dd6d7cab89bf809e0bf7e745855f162"
ir_digest = "sha256:8bef964f82cbd85d85b468c819f816b9600de77c0524167751844067dd1543fa"
section_count = 7

[[files]]
path = "logic/vat-microvm-phase-3-vat-compose-limited-compose-subset-up-down-p.md"
digest = "sha256:692dd0c62a441f0acaea17da4520f1a101eb3ccd34770ab0d41348e81037ff53"
ir_digest = "sha256:56bcfa3dc89f6d5a59521a934de0f76a2fbbb1d5c29dac745dd51f8900c5200d"
section_count = 7

[[files]]
path = "logic/vat-network-sandbox-full-hermetic-http-mock-no-forward-mode-bloc.md"
digest = "sha256:a265bcdf27b1c74f0f10b184ceeb332b2d0aa8c4b74cabbf0f5f7134d89e49f5"
ir_digest = "sha256:917ac1ea22941d130d1dac423c73a1bb3255d620e2ad37351cea74267d4b7901"
section_count = 7

[[files]]
path = "logic/vat-network-sandbox-v1-transparent-http-service-routing-to-local.md"
digest = "sha256:7b05a1997e9b510ff9cfaa0557ae53900cbe54b117276e197cb84caf65642230"
ir_digest = "sha256:336d510fc16ee27f093606fb9b995e502c84312eb6588416b6915900b52baea6"
section_count = 7

[[files]]
path = "logic/vat-network-sandbox-v3-seatbelt-egress-policy-deny-outbound-exce.md"
digest = "sha256:e1bc185567fe5e33fb53e03ba2b37f5433708d46bb0ba3f2def9930afc6755d0"
ir_digest = "sha256:073e532e7768641c68b24c075f85398741db86c464ee577686012627e3fb1350"
section_count = 7

[[files]]
path = "logic/vat-sandbox-egress-policy-silently-unenforced-when-isolation-non.md"
digest = "sha256:a3f7fe966ab67e6bb1cd2c70df16fc5ea8b491585cd9ca3862547ca6febbe46d"
ir_digest = "sha256:68c52df1816439967631518589ca3aff83d485ad5bac21ca7e3d8d5b3e18a588"
section_count = 3

[[files]]
path = "logic/vat-sandbox-extend-seatbelt-isolation-egress-coverage-to-runner.md"
digest = "sha256:cc88a94667993e752abc72466028facccc4d8038377904c6d44e1551100a9fce"
ir_digest = "sha256:92dd5e2691e118acb14826e6d3dbd13e5e616a5d817dd3f50a8bf1429e8165d1"
section_count = 7

[[files]]
path = "logic/vat-td-ast-promote-remaining-grouped-source-units.md"
digest = "sha256:1c895116c23f18aeb21feb36d2bf1e205761fd11127d6f9e959e3bdac33cc5c4"
ir_digest = "sha256:bf781415e545bb21948bf9a31e079a1ed4ba0422d3ede872b6913e2464ead4f7"
section_count = 2

[[files]]
path = "semantic/source/projects-vat-build-rs.md"
digest = "sha256:8bfd64b4b755db00a03be13a31634d91412b2578c6bc9240e472db4ef6c6a36d"
ir_digest = "sha256:713932d168496881a7e7e623121e1731595223570747c0abe550673150e6a4d5"
section_count = 3

[[files]]
path = "semantic/source/projects-vat-src-cli-rs.md"
digest = "sha256:6c7d96a8315d2167625687ce1b354c927e0fab7de49046903e6275f7fc66277d"
ir_digest = "sha256:d0fa3a4a3cdc4ee01738fc55628bf56465ec8972bf32f3147a5b78d3e16ebc07"
section_count = 3

[[files]]
path = "semantic/source/projects-vat-src-cluster-rs.md"
digest = "sha256:1f4551ffc526ae3de25cab3fa0050be290e6e136074eef44826311345ce14dc0"
ir_digest = "sha256:ae1e1638926ea3aa0e643b37130af9179c1a49af233fd336441f0be112f341ec"
section_count = 3

[[files]]
path = "semantic/source/projects-vat-src-commands-build-rs.md"
digest = "sha256:a86b46bba7936b797724eb1ed0e5884ed673bd7569cd012696616c3158599366"
ir_digest = "sha256:081e14309720c420f6be92b38408fcc7cf00519aa973778ff1441ae5d54d80ae"
section_count = 3

[[files]]
path = "semantic/source/projects-vat-src-commands-cluster-rs.md"
digest = "sha256:791dada509d704c09b377271dca5021212d432d6c5f2d4c2a3006120e34f6401"
ir_digest = "sha256:ec74a37dbb67b2dcd6d4946fab32326a2246617ed7a6fdc81876fb424952d5e8"
section_count = 3

[[files]]
path = "semantic/source/projects-vat-src-commands-diff-rs.md"
digest = "sha256:cd05c29ccdb6072082753a8b26b964af80cc080dc77ac3695a939534ebbbe8f8"
ir_digest = "sha256:82b010b17bfcc9cbbf4c2c42b78e16333111bc2af465784f8b453edbc5a28252"
section_count = 3

[[files]]
path = "semantic/source/projects-vat-src-commands-emulator-rs.md"
digest = "sha256:571d893d361d0b34a1b2b4c7d4ec23b30a013748a76fb077db77356301be0d0a"
ir_digest = "sha256:5eaebc643afcababebede6b40611e7ef3410a3fcaa2fa3d4a2e616de197a3f9b"
section_count = 3

[[files]]
path = "semantic/source/projects-vat-src-commands-gpu-rs.md"
digest = "sha256:4b1417124c12ef108a2a0daf82e993f3308cedc76c877968b8f3b6b6fcef84fb"
ir_digest = "sha256:851d0e56bef7911be17bdbb138b1d7ef6eb703f0826bc46aee046927142e2dff"
section_count = 3

[[files]]
path = "semantic/source/projects-vat-src-commands-k8s-rs.md"
digest = "sha256:aa24d35363e4ff27508fdb477e61cd09300f6e67698d171fb358ce60bb7b4479"
ir_digest = "sha256:80e63f4fe0c8c1705204a96f704ce224838a2f318d175149740f2ef39f70fb11"
section_count = 3

[[files]]
path = "semantic/source/projects-vat-src-commands-llm-rs.md"
digest = "sha256:e5a47b29b54ea540fc68cfc001a696745f15b6d16e4b726fa5208f3d8e90d614"
ir_digest = "sha256:d5ef60867db7a87d77b98d2828ba8cca63b2755da59f7f78e2ef4bda8f78bcf4"
section_count = 3

[[files]]
path = "semantic/source/projects-vat-src-commands-logs-rs.md"
digest = "sha256:d01d64c3a277d9fc9027e93845e2b96a95427559ceb4fd1b402cb79efdea817f"
ir_digest = "sha256:0b5a72d12036756768a50f15f39102499b11b2519723353ad42057c22fab30ef"
section_count = 3

[[files]]
path = "semantic/source/projects-vat-src-commands-ls-rs.md"
digest = "sha256:8cc32cf6f8cca7e7ef518096df62c67b79612eaa581a4eeb379b7a691211be69"
ir_digest = "sha256:11acb256896941701cd3ae9d030d44532b0db69edfb5a50f3bb3c1c3ff392f91"
section_count = 3

[[files]]
path = "semantic/source/projects-vat-src-commands-mod-rs.md"
digest = "sha256:0d651c0edd27eb0bddc01f1f0de412c28d0b8d6e1ad9a6d460c680c4f7894c8f"
ir_digest = "sha256:97fe37f9da69f6c680fbd1f366c886953b3c0fa132b1da0bfc98afe83ddbe64f"
section_count = 3

[[files]]
path = "semantic/source/projects-vat-src-commands-rm-rs.md"
digest = "sha256:1ad6b28ff08646dfbcb4cc46e1db008de64df7d2c5752bf17ddad150a1eee8ef"
ir_digest = "sha256:03462ec8d3da5ecf013474816065752f87407d67e6ed56a0221257e5c2db29ff"
section_count = 3

[[files]]
path = "semantic/source/projects-vat-src-commands-run-rs.md"
digest = "sha256:bc762a06b917d1828f09ce63d9b88a1a418731d50a34da76cb12b453562fe9ce"
ir_digest = "sha256:fa70b909f25b87ba59a5697e8e9872f5ff82e1cd14805ca2822d0f833db1b28c"
section_count = 3

[[files]]
path = "semantic/source/projects-vat-src-commands-snapshot-rs.md"
digest = "sha256:1bc76831c9e1e6b0a03afad397c220a3009973f66fb0a1ba0f427bdd01df4068"
ir_digest = "sha256:c67e5ce888b1fff9a52b2efe8d0b06e410326e0d454ff0ff1afde1332ca0660b"
section_count = 3

[[files]]
path = "semantic/source/projects-vat-src-commands-state-rs.md"
digest = "sha256:c7dde1411164d1ac0d05645250ddc17c961762d56748e5070be1024e5d1bf59e"
ir_digest = "sha256:482bc0120897a119eeda14c8d5413b25cf2bf5bcfcb3fc917c8e35bbc3cc2f7c"
section_count = 3

[[files]]
path = "semantic/source/projects-vat-src-compose-rs.md"
digest = "sha256:6798eaa4f44009403265539ca6acb2d629561c0e9e1838ac98e3e97f3eed3316"
ir_digest = "sha256:386d925b7c1bc59165f6c20e6a9a19f6bec8edc11003d4b25ca810b1982a55ab"
section_count = 3

[[files]]
path = "semantic/source/projects-vat-src-config-rs.md"
digest = "sha256:6a6b2fd5633e0814811a511f54448d773088267dce6f0f4f7eeddc9832c40052"
ir_digest = "sha256:e49db785d20686c9a47c53275986c776821e6be1ae3f3e99461c7902b906386c"
section_count = 3

[[files]]
path = "semantic/source/projects-vat-src-emulator-auth-rs.md"
digest = "sha256:e38ff99416467e9fd649c2c8baa180c5959e2d159efd635d765debbe22465e5d"
ir_digest = "sha256:1f056411dc905152466a212aaef65d54e42d9c55cdd0f2d3173394c4ebc4f94c"
section_count = 3

[[files]]
path = "semantic/source/projects-vat-src-emulator-dispatch-rs.md"
digest = "sha256:03cf7ee22c308ef84704974ba8528f64f9fc0d5b7ebf3c51c259d29f94ec09c1"
ir_digest = "sha256:8f1a4c0ff422c6107d5e4c02b288f696766e9c09a36428e8d50f4839266fbca3"
section_count = 3

[[files]]
path = "semantic/source/projects-vat-src-emulator-grpc_mux-rs.md"
digest = "sha256:0f2ce9f41e8c0831cd901b90cce88595626fd45b4200f35bff3adc9a4c4d7abd"
ir_digest = "sha256:5d21a996829f11a6f1f5569822b4ec111fecd8f31c59083c8958f497ac9f9489"
section_count = 3

[[files]]
path = "semantic/source/projects-vat-src-emulator-httpmock-ca-rs.md"
digest = "sha256:48c84f5c64c5ad066b953fbebc5d70921a1b3d808aa4c5cc022daff96037d181"
ir_digest = "sha256:476176c0e7aed9be832560f37676c148919b721d9faf5e13efbb8ba9bc57ee87"
section_count = 3

[[files]]
path = "semantic/source/projects-vat-src-emulator-httpmock-cassette-rs.md"
digest = "sha256:270975bb9ba54839ff60a4baa6a307a5d5e916c1e81c4d30b7b67c68b9e60ac9"
ir_digest = "sha256:a1c45e458ce9e9c628767b7dca00b6cefebec28c6740b4aac92d88b44f44e634"
section_count = 3

[[files]]
path = "semantic/source/projects-vat-src-emulator-httpmock-mod-rs.md"
digest = "sha256:d8ce037eed58b60b188041ce3bbb5c4e6a20edde90be0c00c56f13425dff7215"
ir_digest = "sha256:8308876a82b08b8cd40de6e5b009cb0b00362fc47b5c48b809f71b25bb741ea7"
section_count = 3

[[files]]
path = "semantic/source/projects-vat-src-emulator-httpmock-stub-rs.md"
digest = "sha256:7ede308746f0110ddec87f9182e778ece5164ec21356ed04b38635d4e7db4b31"
ir_digest = "sha256:fa41ecb95ebd43d9cacd38b9b51e4ef73d109aa63f5688ad6f73e235f68524bb"
section_count = 3

[[files]]
path = "semantic/source/projects-vat-src-emulator-mod-rs.md"
digest = "sha256:4dd7c1435f2d30e7f3df469b02fa6859e09ec7d903c61384c94950a57da45d49"
ir_digest = "sha256:6aa88c8f363b61781556df47eca1f39a707b188b7c9feeb0e412bd01e7f4fa5f"
section_count = 3

[[files]]
path = "semantic/source/projects-vat-src-emulator-openapi-rs.md"
digest = "sha256:acf20d479183bc9803bd3dc73f8dbe493c53fc70828624eff7dd40c12040bc88"
ir_digest = "sha256:80c1662600b5d81bca3b76be8167a966edd70a7ae34d8fd754cee5bba6f62202"
section_count = 3

[[files]]
path = "semantic/source/projects-vat-src-emulator-pubsub-rs.md"
digest = "sha256:a36171c55f7683b6c4f404e449198215ee57d2352c793e4af5e5847b45ce36b7"
ir_digest = "sha256:048beb4d9c093102d1a989508a42a4c2887835b70f7a5ce5a21a803a31686c5a"
section_count = 3

[[files]]
path = "semantic/source/projects-vat-src-emulator-scheduler-rs.md"
digest = "sha256:369ac823082549298e53d7f2b6ca3d23faf8caabcc55937a54dd2f2423f49abe"
ir_digest = "sha256:08f83f0bfcdcc2eb2dc334b12a2e9e4660f7860977b467544852a9d77c4e08e7"
section_count = 3

[[files]]
path = "semantic/source/projects-vat-src-emulator-storage-rs.md"
digest = "sha256:921c9424b7f8471526ba78ed0c61d7ce100f6c41621e63f47ee4acfdcc9e56ea"
ir_digest = "sha256:15844ade59ac571e839760dd2d91f8468990c0b58e551b04bb119c0cfd69afda"
section_count = 3

[[files]]
path = "semantic/source/projects-vat-src-emulator-tasks-rs.md"
digest = "sha256:0d1cc9891496153d8b2663b2d772453ece4423b530946ba188a23d6563dd76c2"
ir_digest = "sha256:f0bdf036de978df72e0a70ee9cf234257e544e96ad79da2dc77203a2faf7a9fa"
section_count = 3

[[files]]
path = "semantic/source/projects-vat-src-emulator-workflows-expr-rs.md"
digest = "sha256:a251c8958acf4fdd52666d127d5b389addb7b23ac152c97c537f8069117c2e3c"
ir_digest = "sha256:00ffc5544cb69b756e133204e7a7785d46ae344e3a2ffb9d1b09effaa1c41e58"
section_count = 3

[[files]]
path = "semantic/source/projects-vat-src-emulator-workflows-interp-rs.md"
digest = "sha256:e90cc227c07e67010745dc8f61e7354af0d55f549287e80fe3ce27507e66e733"
ir_digest = "sha256:3b74386f35c21ccd9006fc5d2d88bc934122bb92ace0134a4f5f8dd6d3ad33cf"
section_count = 3

[[files]]
path = "semantic/source/projects-vat-src-emulator-workflows-mod-rs.md"
digest = "sha256:c47bdda68d211cca5f3af54aff62d3b7bdf957486ca79c974c8e26f64c1f62b4"
ir_digest = "sha256:fda9e6dabc22a4507f32c6ebdba8468aa0934cc6ed9bbf0521b9a26a466b56c7"
section_count = 3

[[files]]
path = "semantic/source/projects-vat-src-event-rs.md"
digest = "sha256:875f39c235d7697b595bea1f8e278f7eaa4ec0a4ec43604e13bbf96b680459f8"
ir_digest = "sha256:63343c857fa4fc167fca7b3dbf029b3f10c743997c0b62185fe51490d4008723"
section_count = 3

[[files]]
path = "semantic/source/projects-vat-src-gpu-rs.md"
digest = "sha256:df327bcb5c8dd0cfbabca84b4a5031da667f1ed310b426bd6dad25c753a8eaff"
ir_digest = "sha256:326f64fc85a88cadbe7eae5120dc4087737bc37ce0295f59c132d701bb2cf7b1"
section_count = 3

[[files]]
path = "semantic/source/projects-vat-src-id-rs.md"
digest = "sha256:cf683acb0720612d9ac1222435b200814dbf1ce73ecb39a3c420cbddba56ced5"
ir_digest = "sha256:99b50c99d389deefa43dfe6a2b1ef69d66284eaf4cb0706d11ae2572b8dcccb6"
section_count = 3

[[files]]
path = "semantic/source/projects-vat-src-lib-rs.md"
digest = "sha256:d9e97a1f0ec16579c0dee8d7ab2425d28d44958b602218aa1e97484521f723e9"
ir_digest = "sha256:3a105a9194d142f4e30ac7ef668b70347cf69dd66e5b432fb1ea14b798c04b4a"
section_count = 3

[[files]]
path = "semantic/source/projects-vat-src-main-rs.md"
digest = "sha256:eddd4222d32b455406025859747f10aa0482152ba677dc0518ed6f6d0ef02b2b"
ir_digest = "sha256:653dd096a1c3199702e0fc1cf5bec118c44f101f944912a2cf8c76c17d33234c"
section_count = 3

[[files]]
path = "semantic/source/projects-vat-src-overlay-rs.md"
digest = "sha256:69327506d79afeab785cdfe2b4a23566472f2bedfb1a7fa4dafde61ed72e7ff1"
ir_digest = "sha256:3b7fc545d010e66047dcbbb25491a5d60dfb6140b0f7efd0393c0bbff749987a"
section_count = 3

[[files]]
path = "semantic/source/projects-vat-src-paths-rs.md"
digest = "sha256:f5945388d2e5571f307f1ae42bbed811182aee139501eda3d3a03e28812bc2a1"
ir_digest = "sha256:ec7af5043cf7e0a89f1b0d5c116b45437516021396845bba809927ad47a0849d"
section_count = 3

[[files]]
path = "semantic/source/projects-vat-src-sandbox-mod-rs.md"
digest = "sha256:5ec615ac744e34478a861b4b0c0f3757e9b328adfe659a97b37a56ad242060ed"
ir_digest = "sha256:814e3cdd84ff0783fdb9d0f7507537928461afeefff3192d2eaa64c35f9e45f8"
section_count = 3

[[files]]
path = "semantic/source/projects-vat-src-sandbox-process-rs.md"
digest = "sha256:0258f88387ef65535b9d94275df5c976a112d928f3e2f0e7e2cdfdf33ab04dd1"
ir_digest = "sha256:7d07ac12442881cf3fde26298eb4d5733c6f4a73622f3965719c0186fe8364c5"
section_count = 3

[[files]]
path = "semantic/source/projects-vat-src-sandbox-seatbelt-rs.md"
digest = "sha256:a8eacee7c92105a09bb411e3c30182ac10d0dbfc101695bd51ac2a5eeae3399d"
ir_digest = "sha256:b4abeadedf7ce0b3aef6e65a513e23ce50b71793eddc34ab1680c7fe4a09b6e4"
section_count = 3

[[files]]
path = "semantic/source/projects-vat-src-spec-rs.md"
digest = "sha256:f53f48e7a8aa6b78f227b6c9cee7a63a7da852128be31b1149315084f783f51c"
ir_digest = "sha256:2529243f5ce0e4bda1d8402cf914a8ba85ceb47d840c5a897bf1b95b6decb93a"
section_count = 3

[[files]]
path = "semantic/source/projects-vat-src-state-rs.md"
digest = "sha256:f5dd505e134a3dbd1b082a2853bfe9d986608db11ff0e81da8f9596e95e19f52"
ir_digest = "sha256:a5c43481bf25f26cb40c438b2075b5679a882433002d703f801cf7e88bcb97bb"
section_count = 3

[[files]]
path = "semantic/source/projects-vat-src-store-rs.md"
digest = "sha256:4aabab0985898b0e2ecf7833a6f21ff4aad6425a8e1bdaf22c00b68f2a109c14"
ir_digest = "sha256:64789de5716d3cbb98a932bf59d0753b1c1900ba409ae40d06068ff489552eab"
section_count = 3

[[files]]
path = "semantic/source/projects-vat-tests-vat-k8s-ephemeral-rs.md"
digest = "sha256:d2b69f165d122ba3112fb0e87944f0e02e5447e9234dbb32571c4257b1b36633"
ir_digest = "sha256:99cba641031417e63015a21cc5b0cf1d2904dfe6e5e6d4e2fd82d8a7306c1c13"
section_count = 3

[[files]]
path = "semantic/source/projects-vat-tests-vat_cli_convention-rs.md"
digest = "sha256:d8a9c152b08da580c407c76a4a23bd8e689adaeb2ebe202ea6b6e36dd069857d"
ir_digest = "sha256:f8d820758565d3f8cf8c439bc06c1adb926b0bfefb44ebbebc9f81e95cddafac"
section_count = 3

[[files]]
path = "semantic/source/projects-vat-tests-vat_cluster-rs.md"
digest = "sha256:1fa09e269340613ca8e88c487caba4ef6bdec3e218063002c83bbea323408253"
ir_digest = "sha256:aada9165a9ec998903651f8b0b48f45b86679964e00052b39cdf7145f2ec5126"
section_count = 3

[[files]]
path = "semantic/source/projects-vat-tests-vat_concurrent_runners-rs.md"
digest = "sha256:69301b1244e32f58b3ee3c068975a92767d9525275793315ebadeaa237d3b380"
ir_digest = "sha256:43d81e2353f2fedb486e3c8043289eb81f3db2c6cf49b35c04bef114e1b03fd5"
section_count = 3

[[files]]
path = "semantic/source/projects-vat-tests-vat_emulator_auth-rs.md"
digest = "sha256:818c2149eef2645da6951621be51de1eb2120964bcc0bb5d27511c57958db798"
ir_digest = "sha256:ab7afc00d4255f88bc4c23ffb6f1d8b3914cd25dfeaedd539440b25964e5d5ca"
section_count = 3

[[files]]
path = "semantic/source/projects-vat-tests-vat_emulator_grpc_mitm_routing-rs.md"
digest = "sha256:e476d282ad592b8f8b6d504657cec215ba8ce9958e6a861df4647cadc5b69981"
ir_digest = "sha256:ef5b23858ef07538320f45c45c3b6b3145a791b2de528a8454d34cae50833c61"
section_count = 3

[[files]]
path = "semantic/source/projects-vat-tests-vat_emulator_httpmock-rs.md"
digest = "sha256:fe98bdd150ad0a0a2372f22f1b23cb08d69c85833c1ece4d54308bcd09c29c46"
ir_digest = "sha256:d2f99c49d694ddb4034fa3e0276769879efe910a89421bea5751dfc12511fe5c"
section_count = 3

[[files]]
path = "semantic/source/projects-vat-tests-vat_emulator_httpmock_hermetic-rs.md"
digest = "sha256:4ae665ae794df9cb1c25ccd2cf129bf0d247a76a512c88053c9c6c2c500740ab"
ir_digest = "sha256:ff84565ffa849dd1b7891450e1422bb9c2622280a62dba1914c3d1e0ab231d2b"
section_count = 3

[[files]]
path = "semantic/source/projects-vat-tests-vat_emulator_httpmock_routing-rs.md"
digest = "sha256:a4968acff52bb0a46b2a040663f7ec6cc80b535dc58d7b70330ac8311ecf6d8e"
ir_digest = "sha256:5dd71bf737cd493c8f6457f1dc1efa02d2e17e642162ca748aa0617e76fc69f4"
section_count = 3

[[files]]
path = "semantic/source/projects-vat-tests-vat_emulator_openapi-rs.md"
digest = "sha256:621b98c95502016f8d44d893f36c9e503fa70a9c5f6faff45aa1d9dbd45b9760"
ir_digest = "sha256:995155e3218bf13c0bd28f1be187a17ae4795744d5aabead51f14a9e73eafcb5"
section_count = 3

[[files]]
path = "semantic/source/projects-vat-tests-vat_emulator_pubsub-rs.md"
digest = "sha256:924517317397233aff7b48a1fb2dce3c9bb0c8cc5ed5225c6541843c15fe452f"
ir_digest = "sha256:85fa8204de64d5ef9707ce4b733537f86a1463cb2a3db24ec6577f529856554b"
section_count = 3

[[files]]
path = "semantic/source/projects-vat-tests-vat_emulator_scheduler-rs.md"
digest = "sha256:21316f89fc4e0bad671576844b96047741717866dfc4e5c78fc1b29e0da70a86"
ir_digest = "sha256:fc6aad10d4e5a466add0f1c96013008b8c3db997543b8f53b915dec552eed45d"
section_count = 3

[[files]]
path = "semantic/source/projects-vat-tests-vat_emulator_scheduler_grpc-rs.md"
digest = "sha256:062f11c04634fc0a2ba6d75ba9f232dffa663af748306462e3f3647f9e015fb5"
ir_digest = "sha256:3ab71049c45abc818cbf2567f697e20edc38f15833557c0ad41f5c73777b0f60"
section_count = 3

[[files]]
path = "semantic/source/projects-vat-tests-vat_emulator_storage-rs.md"
digest = "sha256:34d1a1b097a44cbb8c6fdc858143e98d54c5617485b0773b246ce8d01cbcf4c6"
ir_digest = "sha256:1c2521a7c0ef80ae7ee7dd0d9d57be53a3566d7cb9bb2136b9ffd1e376c30863"
section_count = 3

[[files]]
path = "semantic/source/projects-vat-tests-vat_emulator_tasks-rs.md"
digest = "sha256:6f4d2bceca2e150d7868821134f964a4a6bf483a91e8e1499d27e9c9d688cefa"
ir_digest = "sha256:0132ba098c71a5a1ef45279c17650603e1cecf075d7149e6ef9b826de23243e5"
section_count = 3

[[files]]
path = "semantic/source/projects-vat-tests-vat_emulator_tasks_grpc-rs.md"
digest = "sha256:02dc67dffb57a670e85169e1200a8dba91769a928800d8de22692066ed5f1257"
ir_digest = "sha256:44b4d33cec805dac493720f6f4e4866ddec93713ceb22cf7d8886140400663bc"
section_count = 3

[[files]]
path = "semantic/source/projects-vat-tests-vat_emulator_workflows-rs.md"
digest = "sha256:08be3ba2a240b2f262909f0fbdf2b110599ebf796ab56fe72984581bdf4f9c14"
ir_digest = "sha256:3315168c67e8f8ee0832b21b4700c9f872610baaff3068a8e1181986f9ba85ab"
section_count = 3

[[files]]
path = "semantic/source/projects-vat-tests-vat_emulators-rs.md"
digest = "sha256:42ec65ce94224d5696212bcb7e82838c82c0e0d48b9d18e8d877a3b70b85ae8a"
ir_digest = "sha256:25fe8b9c1322501750c45bd6775b6aa4d8157791767219f176755d444db78cc6"
section_count = 3

[[files]]
path = "semantic/source/projects-vat-tests-vat_runner_sandbox-rs.md"
digest = "sha256:fc429ab2ebf9669eec5192748879694652698ac6ce141b49612444d4152f013c"
ir_digest = "sha256:8c5abafa423e9fc39cf21b08eb781d3a4ad86b0fb93efb9c943359a291e83b81"
section_count = 3

[[files]]
path = "semantic/source/projects-vat-tests-vat_sandbox_egress-rs.md"
digest = "sha256:63f9b7b7d8f894f85b6f0b5c085967e0bea20771bbc4942948112f1f77936b0f"
ir_digest = "sha256:5fae8f0cd07bc4cee2d188c7ec40256b287acf6d9d3c8e715d48081ccc5151c3"
section_count = 3

[[files]]
path = "semantic/source/projects-vat-tests-vat_toml_runner-rs.md"
digest = "sha256:82d19eaace371c4c20782bf45a0d589e931ecadb7f11f1ffe7ba92b8ec974d74"
ir_digest = "sha256:7c961d2323c7359263441bcec4c8acb9eb237a15efd39ef91cf7edaca088da4b"
section_count = 3

[[files]]
path = "semantic/vat-build-script.md"
digest = "sha256:7e5794b12d98dd33cc10ac1586e8f740dcf9e915214f77b1333bdbd3d82c97f9"
ir_digest = "sha256:43536fdf3f86da9bbbdc086212751de7520a95cd31b1a6d3c52c4bcec8d7985b"
section_count = 2

[[files]]
path = "semantic/vat-commands.md"
digest = "sha256:c0fdc39531aa44109fbb818a0816441c9217aaa4ffae99169155c0b113c64e10"
ir_digest = "sha256:c897c128a157ef22a1eb4d61734e4aacd5be84bab37231eac41d816ddf3dd8db"
section_count = 2

[[files]]
path = "semantic/vat-dx-establish-a-verifiable-developer-and-agent-experience-cap.md"
digest = "sha256:b81a4859eaf4e9d367c0829df78e4c6c4b65f860a20c7b58d79f42fe4378030e"
ir_digest = "sha256:1f538e6ee918c0af91397d2b97820b3a64917ac9130b5ede67c33ddb9531c8aa"
section_count = 1

[[files]]
path = "semantic/vat-emulator.md"
digest = "sha256:bfd66e901e5d3757e48ee83b30234f54c2ee6aac68951d76391a40e7686611fd"
ir_digest = "sha256:f16b99732c08f873454378fb8f013a5f7b12dceac56cabf17039938030041b24"
section_count = 2

[[files]]
path = "semantic/vat-install-script.md"
digest = "sha256:5ac657172e625f243222909132827edf4be4339ceae661cbbdaa1306d00fe947"
ir_digest = "sha256:7ef2f676a707e677b7d3675b26b23e81e0a684ef4cc352caefcf0401b0f728da"
section_count = 2

[[files]]
path = "semantic/vat-projects-vat.md"
digest = "sha256:3a718ca2c1c945e9a5692995a2372b195a16cdf134967cf3b13c024be3b5b921"
ir_digest = "sha256:e5d40cadb7ee8dc5b1af440ef1ad77ef345fdf3b180756746822d4e71a690f00"
section_count = 2

[[files]]
path = "semantic/vat-sandbox.md"
digest = "sha256:6e0a415c2dca42fa85ff003238d47bcdcc7534541a63a26f808b1f1663839745"
ir_digest = "sha256:555856785495e7ed8f450fde3577ff99ab79d1121bfea929e9c4930b6be9ae6a"
section_count = 2

[[files]]
path = "semantic/vat-src.md"
digest = "sha256:2308151844875fca61ca103b73276657488b5f3675628b6c4b485c926c101400"
ir_digest = "sha256:2d5c141fe99ea86da94844a1b542d7137722e9f7b0f12ee3cc054e694563465b"
section_count = 2

[[files]]
path = "semantic/vat-tests.md"
digest = "sha256:d6c29cdea678b22fd515452069300db870b4d64851dc5a46b406e75f9b878319"
ir_digest = "sha256:a0be58d50dc1995d050d6e1079ef8222d449c1b440d71cb840ed498ee6678e45"
section_count = 3
